
Microsoft Visual Studio Solution File, Format Version 12.00
# Visual Studio 15
Project("{FAE04EC0-301F-11D3-BF4B-00C04F79EFBC}") = "CW.Common", "CW.Common.csproj", "{0B18D23B-B65F-19E9-BE92-F2414B1D4F40}"
EndProject
Project("{FAE04EC0-301F-11D3-BF4B-00C04F79EFBC}") = "LeanTouch", "LeanTouch.csproj", "{4962D79C-2E42-A720-25A0-92ADEC6BF622}"
EndProject
Project("{FAE04EC0-301F-11D3-BF4B-00C04F79EFBC}") = "Assembly-CSharp", "Assembly-CSharp.csproj", "{F51F4963-71E0-CEFC-9D79-BED6DF4346FB}"
EndProject
Project("{FAE04EC0-301F-11D3-BF4B-00C04F79EFBC}") = "LeanCommon", "LeanCommon.csproj", "{84CA453E-054F-E0BF-0B61-510D86268D0C}"
EndProject
Project("{FAE04EC0-301F-11D3-BF4B-00C04F79EFBC}") = "Assembly-CSharp-Editor", "Assembly-CSharp-Editor.csproj", "{B25C4869-18AE-340F-64D3-53756245BA72}"
EndProject
Global
	GlobalSection(SolutionConfigurationPlatforms) = preSolution
		Debug|Any CPU = Debug|Any CPU
		Release|Any CPU = Release|Any CPU
	EndGlobalSection
	GlobalSection(ProjectConfigurationPlatforms) = postSolution
		{0B18D23B-B65F-19E9-BE92-F2414B1D4F40}.Debug|Any CPU.ActiveCfg = Debug|Any CPU
		{0B18D23B-B65F-19E9-BE92-F2414B1D4F40}.Debug|Any CPU.Build.0 = Debug|Any CPU
		{0B18D23B-B65F-19E9-BE92-F2414B1D4F40}.Release|Any CPU.ActiveCfg = Release|Any CPU
		{0B18D23B-B65F-19E9-BE92-F2414B1D4F40}.Release|Any CPU.Build.0 = Release|Any CPU
		{4962D79C-2E42-A720-25A0-92ADEC6BF622}.Debug|Any CPU.ActiveCfg = Debug|Any CPU
		{4962D79C-2E42-A720-25A0-92ADEC6BF622}.Debug|Any CPU.Build.0 = Debug|Any CPU
		{4962D79C-2E42-A720-25A0-92ADEC6BF622}.Release|Any CPU.ActiveCfg = Release|Any CPU
		{4962D79C-2E42-A720-25A0-92ADEC6BF622}.Release|Any CPU.Build.0 = Release|Any CPU
		{F51F4963-71E0-CEFC-9D79-BED6DF4346FB}.Debug|Any CPU.ActiveCfg = Debug|Any CPU
		{F51F4963-71E0-CEFC-9D79-BED6DF4346FB}.Debug|Any CPU.Build.0 = Debug|Any CPU
		{F51F4963-71E0-CEFC-9D79-BED6DF4346FB}.Release|Any CPU.ActiveCfg = Release|Any CPU
		{F51F4963-71E0-CEFC-9D79-BED6DF4346FB}.Release|Any CPU.Build.0 = Release|Any CPU
		{84CA453E-054F-E0BF-0B61-510D86268D0C}.Debug|Any CPU.ActiveCfg = Debug|Any CPU
		{84CA453E-054F-E0BF-0B61-510D86268D0C}.Debug|Any CPU.Build.0 = Debug|Any CPU
		{84CA453E-054F-E0BF-0B61-510D86268D0C}.Release|Any CPU.ActiveCfg = Release|Any CPU
		{84CA453E-054F-E0BF-0B61-510D86268D0C}.Release|Any CPU.Build.0 = Release|Any CPU
		{B25C4869-18AE-340F-64D3-53756245BA72}.Debug|Any CPU.ActiveCfg = Debug|Any CPU
		{B25C4869-18AE-340F-64D3-53756245BA72}.Debug|Any CPU.Build.0 = Debug|Any CPU
		{B25C4869-18AE-340F-64D3-53756245BA72}.Release|Any CPU.ActiveCfg = Release|Any CPU
		{B25C4869-18AE-340F-64D3-53756245BA72}.Release|Any CPU.Build.0 = Release|Any CPU
	EndGlobalSection
	GlobalSection(SolutionProperties) = preSolution
		HideSolutionNode = FALSE
	EndGlobalSection
EndGlobal
